hash: 523bb89e761b2d38f7d79ac015993344246aad6e936ad413c2bcb97fbf7f45d5
updated: 2017-05-18T14:24:37.943660387-04:00
imports:
- name: bosun.org
  version: 879669a0c9ad177aa1aa439edf3b448523b982ce
  subpackages:
  - collect
  - metadata
  - opentsdb
  - slog
  - util
- name: github.com/garyburd/redigo
  version: 433969511232c397de61b1442f9fd49ec06ae9ba
  subpackages:
  - internal
  - redis
- name: github.com/ghodss/yaml
  version: 0ca9ea5df5451ffdf184b4428c902747c2c11cd7
- name: github.com/GROpenSourceDev/go-ntlm-auth
  version: 6314d66e1d8ffd12a8da4be59eb4467b60dde719
  subpackages:
  - ntlm
- name: github.com/nytimes/gziphandler
  version: 22d4470af89e09998fc16b35029df973932df4ae
- name: github.com/sirupsen/logrus
  version: 5e5dc898656f695e2a086b8e12559febbfc01562
- name: golang.org/x/sys
  version: a646d33e2ee3172a661fc09bca23bb4889a41bc8
  subpackages:
  - unix
  - windows
  - windows/svc
  - windows/svc/debug
- name: gopkg.in/yaml.v2
  version: cd8b52f8269e0feb286dfeef29f8fe4d5b397e0b
testImports: []
