# This file is autogenerated, do not edit; changes may be undone by the next 'dep ensure'.


[[projects]]
  name = "bosun.org"
  packages = [
    "collect",
    "metadata",
    "opentsdb",
    "slog",
    "util"
  ]
  revision = "879669a0c9ad177aa1aa439edf3b448523b982ce"
  version = "0.6.0-beta1"

[[projects]]
  branch = "master"
  name = "github.com/GROpenSourceDev/go-ntlm-auth"
  packages = ["ntlm"]
  revision = "6314d66e1d8ffd12a8da4be59eb4467b60dde719"

[[projects]]
  branch = "master"
  name = "github.com/TrilliumIT/gziphandler"
  packages = ["."]
  revision = "1533279d7dbf0d15a9fb2239868ffdf1820306d6"

[[projects]]
  name = "github.com/garyburd/redigo"
  packages = [
    "internal",
    "redis"
  ]
  revision = "a69d19351219b6dd56f274f96d85a7014a2ec34e"
  version = "v1.6.0"

[[projects]]
  name = "github.com/ghodss/yaml"
  packages = ["."]
  revision = "0ca9ea5df5451ffdf184b4428c902747c2c11cd7"
  version = "v1.0.0"

[[projects]]
  name = "github.com/gorilla/websocket"
  packages = ["."]
  revision = "66b9c49e59c6c48f0ffce28c2d8b8a5678502c6d"
  version = "v1.4.0"

[[projects]]
  name = "github.com/sirupsen/logrus"
  packages = ["."]
  revision = "3e01752db0189b9157070a0e1668a620f9a85da2"
  version = "v1.0.6"

[[projects]]
  branch = "master"
  name = "golang.org/x/crypto"
  packages = ["ssh/terminal"]
  revision = "0709b304e793a5edb4a2c0145f281ecdc20838a4"

[[projects]]
  branch = "master"
  name = "golang.org/x/sys"
  packages = [
    "unix",
    "windows",
    "windows/svc",
    "windows/svc/debug"
  ]
  revision = "8cf3aee429924738c56c34bb819c4ea8273fc434"

[[projects]]
  name = "gopkg.in/yaml.v2"
  packages = ["."]
  revision = "5420a8b6744d3b0345ab293f6fcba19c978f1183"
  version = "v2.2.1"

[solve-meta]
  analyzer-name = "dep"
  analyzer-version = 1
  inputs-digest = "c8cf81daf94e968b5c92021e89e021efac841100d79b8664e8aee34de7825074"
  solver-name = "gps-cdcl"
  solver-version = 1
