# This file is autogenerated, do not edit; changes may be undone by the next 'dep ensure'.


[[projects]]
  name = "bosun.org"
  packages = [
    "collect",
    "metadata",
    "opentsdb",
    "slog",
    "util"
  ]
  revision = "879669a0c9ad177aa1aa439edf3b448523b982ce"
  version = "0.6.0-beta1"

[[projects]]
  branch = "master"
  name = "github.com/GROpenSourceDev/go-ntlm-auth"
  packages = ["ntlm"]
  revision = "6314d66e1d8ffd12a8da4be59eb4467b60dde719"

[[projects]]
  branch = "master"
  name = "github.com/TrilliumIT/gziphandler"
  packages = ["."]
  revision = "1533279d7dbf0d15a9fb2239868ffdf1820306d6"

[[projects]]
  name = "github.com/garyburd/redigo"
  packages = [
    "internal",
    "redis"
  ]
  revision = "433969511232c397de61b1442f9fd49ec06ae9ba"
  version = "v1.1.0"

[[projects]]
  name = "github.com/ghodss/yaml"
  packages = ["."]
  revision = "0ca9ea5df5451ffdf184b4428c902747c2c11cd7"
  version = "v1.0.0"

[[projects]]
  name = "github.com/gorilla/websocket"
  packages = ["."]
  revision = "ea4d1f681babbce9545c9c5f3d5194a789c89f5b"
  version = "v1.2.0"

[[projects]]
  name = "github.com/sirupsen/logrus"
  packages = ["."]
  revision = "5e5dc898656f695e2a086b8e12559febbfc01562"

[[projects]]
  name = "golang.org/x/sys"
  packages = [
    "unix",
    "windows",
    "windows/svc",
    "windows/svc/debug"
  ]
  revision = "a646d33e2ee3172a661fc09bca23bb4889a41bc8"

[[projects]]
  name = "gopkg.in/yaml.v2"
  packages = ["."]
  revision = "cd8b52f8269e0feb286dfeef29f8fe4d5b397e0b"

[solve-meta]
  analyzer-name = "dep"
  analyzer-version = 1
  inputs-digest = "c8cf81daf94e968b5c92021e89e021efac841100d79b8664e8aee34de7825074"
  solver-name = "gps-cdcl"
  solver-version = 1
